
Microsoft Visual Studio Solution File, Format Version 12.00
# Visual Studio Version 16
VisualStudioVersion = 16.0.35731.53
MinimumVisualStudioVersion = 10.0.40219.1
Project("{FAE04EC0-301F-11D3-BF4B-00C04F79EFBC}") = "docproc", "docproc\docproc.csproj", "{47B49E07-4225-4262-9160-4AE0012DD1D2}"
EndProject
Global
	GlobalSection(SolutionConfigurationPlatforms) = preSolution
		Debug|Any CPU = Debug|Any CPU
		Release|Any CPU = Release|Any CPU
	EndGlobalSection
	GlobalSection(ProjectConfigurationPlatforms) = postSolution
		{47B49E07-4225-4262-9160-4AE0012DD1D2}.Debug|Any CPU.ActiveCfg = Debug|Any CPU
		{47B49E07-4225-4262-9160-4AE0012DD1D2}.Debug|Any CPU.Build.0 = Debug|Any CPU
		{47B49E07-4225-4262-9160-4AE0012DD1D2}.Release|Any CPU.ActiveCfg = Release|Any CPU
		{47B49E07-4225-4262-9160-4AE0012DD1D2}.Release|Any CPU.Build.0 = Release|Any CPU
	EndGlobalSection
	GlobalSection(SolutionProperties) = preSolution
		HideSolutionNode = FALSE
	EndGlobalSection
	GlobalSection(ExtensibilityGlobals) = postSolution
		SolutionGuid = {A0FDDB96-2A6F-4801-A845-9FF00A408829}
	EndGlobalSection
EndGlobal
